
Microsoft Visual Studio Solution File, Format Version 12.00
Project("{FAE04EC0-301F-11D3-BF4B-00C04F79EFBC}") = "CarRepair", "CarRepair\CarRepair.csproj", "{00434844-28A0-4824-B2D7-F18ED5BA56CA}"
EndProject
Global
	GlobalSection(SolutionConfigurationPlatforms) = preSolution
		Debug|Any CPU = Debug|Any CPU
		Release|Any CPU = Release|Any CPU
	EndGlobalSection
	GlobalSection(ProjectConfigurationPlatforms) = postSolution
		{00434844-28A0-4824-B2D7-F18ED5BA56CA}.Debug|Any CPU.ActiveCfg = Debug|Any CPU
		{00434844-28A0-4824-B2D7-F18ED5BA56CA}.Debug|Any CPU.Build.0 = Debug|Any CPU
		{00434844-28A0-4824-B2D7-F18ED5BA56CA}.Release|Any CPU.ActiveCfg = Release|Any CPU
		{00434844-28A0-4824-B2D7-F18ED5BA56CA}.Release|Any CPU.Build.0 = Release|Any CPU
	EndGlobalSection
EndGlobal
